
Microsoft Visual Studio Solution File, Format Version 12.00
# Visual Studio 2012
# SharpDevelop 4.4
VisualStudioVersion = 14.0.25420.1
MinimumVisualStudioVersion = 10.0.40219.1
Project("{F184B08F-C81C-45F6-A57F-5ABD9991F28F}") = "NIBE Communication", "NIBE Communication.vbproj", "{3ACDCD3E-F83D-49B4-860E-636C3D24A753}"
EndProject
Project("{FAE04EC0-301F-11D3-BF4B-00C04F79EFBC}") = "NIBE Communication.Converted", "..\NIBE Communication.ConvertedToC#\NIBE Communication.Converted.csproj", "{B177E446-4AA8-477C-BF47-8384E590AF04}"
EndProject
Global
	GlobalSection(SolutionConfigurationPlatforms) = preSolution
		Debug|Any CPU = Debug|Any CPU
		Release|Any CPU = Release|Any CPU
	EndGlobalSection
	GlobalSection(ProjectConfigurationPlatforms) = postSolution
		{3ACDCD3E-F83D-49B4-860E-636C3D24A753}.Debug|Any CPU.ActiveCfg = Debug|Any CPU
		{3ACDCD3E-F83D-49B4-860E-636C3D24A753}.Debug|Any CPU.Build.0 = Debug|Any CPU
		{3ACDCD3E-F83D-49B4-860E-636C3D24A753}.Release|Any CPU.ActiveCfg = Release|Any CPU
		{3ACDCD3E-F83D-49B4-860E-636C3D24A753}.Release|Any CPU.Build.0 = Release|Any CPU
		{B177E446-4AA8-477C-BF47-8384E590AF04}.Debug|Any CPU.Build.0 = Debug|Any CPU
		{B177E446-4AA8-477C-BF47-8384E590AF04}.Debug|Any CPU.ActiveCfg = Debug|Any CPU
		{B177E446-4AA8-477C-BF47-8384E590AF04}.Release|Any CPU.Build.0 = Release|Any CPU
		{B177E446-4AA8-477C-BF47-8384E590AF04}.Release|Any CPU.ActiveCfg = Release|Any CPU
	EndGlobalSection
	GlobalSection(SolutionProperties) = preSolution
		HideSolutionNode = FALSE
	EndGlobalSection
EndGlobal
